// !$*UTF8*$!
{
	archiveVersion = 1;
	classes = {
	};
	objectVersion = 50;
	objects = {

/* Begin PBXBuildFile section */
		8930A3FB23E7C2DA0076D8D9 /* AppDelegate.swift in Sources */ = {isa = PBXBuildFile; fileRef = 8930A3FA23E7C2DA0076D8D9 /* AppDelegate.swift */; };
		8930A3FD23E7C2DA0076D8D9 /* SceneDelegate.swift in Sources */ = {isa = PBXBuildFile; fileRef = 8930A3FC23E7C2DA0076D8D9 /* SceneDelegate.swift */; };
		8930A40423E7C2DC0076D8D9 /* Assets.xcassets in Resources */ = {isa = PBXBuildFile; fileRef = 8930A40323E7C2DC0076D8D9 /* Assets.xcassets */; };
		8930A40723E7C2DC0076D8D9 /* LaunchScreen.storyboard in Resources */ = {isa = PBXBuildFile; fileRef = 8930A40523E7C2DC0076D8D9 /* LaunchScreen.storyboard */; };
		8930A40F23E7CC4E0076D8D9 /* AlbumsListVC.swift in Sources */ = {isa = PBXBuildFile; fileRef = 8930A40E23E7CC4E0076D8D9 /* AlbumsListVC.swift */; };
		8930A41523E7D3EE0076D8D9 /* RSSButton.swift in Sources */ = {isa = PBXBuildFile; fileRef = 8930A41423E7D3EE0076D8D9 /* RSSButton.swift */; };
		8930A41723E7DED50076D8D9 /* RSSTitleLabel.swift in Sources */ = {isa = PBXBuildFile; fileRef = 8930A41623E7DED50076D8D9 /* RSSTitleLabel.swift */; };
		8930A41923E7E0330076D8D9 /* RSSBodyLabel.swift in Sources */ = {isa = PBXBuildFile; fileRef = 8930A41823E7E0330076D8D9 /* RSSBodyLabel.swift */; };
		8930A41B23E7E1970076D8D9 /* RSSAlertVC.swift in Sources */ = {isa = PBXBuildFile; fileRef = 8930A41A23E7E1970076D8D9 /* RSSAlertVC.swift */; };
		8930A41E23E7E9FD0076D8D9 /* UIViewController+Extension.swift in Sources */ = {isa = PBXBuildFile; fileRef = 8930A41D23E7E9FD0076D8D9 /* UIViewController+Extension.swift */; };
		8930A42023E8FB460076D8D9 /* Album.swift in Sources */ = {isa = PBXBuildFile; fileRef = 8930A41F23E8FB460076D8D9 /* Album.swift */; };
		8930A42523E901930076D8D9 /* NetworkManager.swift in Sources */ = {isa = PBXBuildFile; fileRef = 8930A42423E901930076D8D9 /* NetworkManager.swift */; };
		89D0FD7523EA762300C27ADA /* Genre.swift in Sources */ = {isa = PBXBuildFile; fileRef = 89D0FD7423EA762300C27ADA /* Genre.swift */; };
		89D0FD7723EA769A00C27ADA /* Feed.swift in Sources */ = {isa = PBXBuildFile; fileRef = 89D0FD7623EA769A00C27ADA /* Feed.swift */; };
		89D0FD7923EA76F300C27ADA /* DataRoot.swift in Sources */ = {isa = PBXBuildFile; fileRef = 89D0FD7823EA76F300C27ADA /* DataRoot.swift */; };
/* End PBXBuildFile section */

/* Begin PBXFileReference section */
		8930A3F723E7C2DA0076D8D9 /* RSS.app */ = {isa = PBXFileReference; explicitFileType = wrapper.application; includeInIndex = 0; path = RSS.app; sourceTree = BUILT_PRODUCTS_DIR; };
		8930A3FA23E7C2DA0076D8D9 /* AppDelegate.swift */ = {isa = PBXFileReference; lastKnownFileType = sourcecode.swift; path = AppDelegate.swift; sourceTree = "<group>"; };
		8930A3FC23E7C2DA0076D8D9 /* SceneDelegate.swift */ = {isa = PBXFileReference; lastKnownFileType = sourcecode.swift; path = SceneDelegate.swift; sourceTree = "<group>"; };
		8930A40323E7C2DC0076D8D9 /* Assets.xcassets */ = {isa = PBXFileReference; lastKnownFileType = folder.assetcatalog; path = Assets.xcassets; sourceTree = "<group>"; };
		8930A40623E7C2DC0076D8D9 /* Base */ = {isa = PBXFileReference; lastKnownFileType = file.storyboard; name = Base; path = Base.lproj/LaunchScreen.storyboard; sourceTree = "<group>"; };
		8930A40823E7C2DC0076D8D9 /* Info.plist */ = {isa = PBXFileReference; lastKnownFileType = text.plist.xml; path = Info.plist; sourceTree = "<group>"; };
		8930A40E23E7CC4E0076D8D9 /* AlbumsListVC.swift */ = {isa = PBXFileReference; lastKnownFileType = sourcecode.swift; path = AlbumsListVC.swift; sourceTree = "<group>"; };
		8930A41423E7D3EE0076D8D9 /* RSSButton.swift */ = {isa = PBXFileReference; lastKnownFileType = sourcecode.swift; path = RSSButton.swift; sourceTree = "<group>"; };
		8930A41623E7DED50076D8D9 /* RSSTitleLabel.swift */ = {isa = PBXFileReference; lastKnownFileType = sourcecode.swift; path = RSSTitleLabel.swift; sourceTree = "<group>"; };
		8930A41823E7E0330076D8D9 /* RSSBodyLabel.swift */ = {isa = PBXFileReference; lastKnownFileType = sourcecode.swift; path = RSSBodyLabel.swift; sourceTree = "<group>"; };
		8930A41A23E7E1970076D8D9 /* RSSAlertVC.swift */ = {isa = PBXFileReference; lastKnownFileType = sourcecode.swift; path = RSSAlertVC.swift; sourceTree = "<group>"; };
		8930A41D23E7E9FD0076D8D9 /* UIViewController+Extension.swift */ = {isa = PBXFileReference; lastKnownFileType = sourcecode.swift; path = "UIViewController+Extension.swift"; sourceTree = "<group>"; };
		8930A41F23E8FB460076D8D9 /* Album.swift */ = {isa = PBXFileReference; lastKnownFileType = sourcecode.swift; path = Album.swift; sourceTree = "<group>"; };
		8930A42423E901930076D8D9 /* NetworkManager.swift */ = {isa = PBXFileReference; lastKnownFileType = sourcecode.swift; path = NetworkManager.swift; sourceTree = "<group>"; };
		89D0FD7423EA762300C27ADA /* Genre.swift */ = {isa = PBXFileReference; lastKnownFileType = sourcecode.swift; path = Genre.swift; sourceTree = "<group>"; };
		89D0FD7623EA769A00C27ADA /* Feed.swift */ = {isa = PBXFileReference; lastKnownFileType = sourcecode.swift; path = Feed.swift; sourceTree = "<group>"; };
		89D0FD7823EA76F300C27ADA /* DataRoot.swift */ = {isa = PBXFileReference; lastKnownFileType = sourcecode.swift; path = DataRoot.swift; sourceTree = "<group>"; };
/* End PBXFileReference section */

/* Begin PBXFrameworksBuildPhase section */
		8930A3F423E7C2DA0076D8D9 /* Frameworks */ = {
			isa = PBXFrameworksBuildPhase;
			buildActionMask = 2147483647;
			files = (
			);
			runOnlyForDeploymentPostprocessing = 0;
		};
/* End PBXFrameworksBuildPhase section */

/* Begin PBXGroup section */
		8930A3EE23E7C2DA0076D8D9 = {
			isa = PBXGroup;
			children = (
				8930A3F923E7C2DA0076D8D9 /* RSS */,
				8930A3F823E7C2DA0076D8D9 /* Products */,
			);
			sourceTree = "<group>";
		};
		8930A3F823E7C2DA0076D8D9 /* Products */ = {
			isa = PBXGroup;
			children = (
				8930A3F723E7C2DA0076D8D9 /* RSS.app */,
			);
			name = Products;
			sourceTree = "<group>";
		};
		8930A3F923E7C2DA0076D8D9 /* RSS */ = {
			isa = PBXGroup;
			children = (
				8930A42323E901780076D8D9 /* Managers */,
				8930A41C23E7E9C70076D8D9 /* Extensions */,
				8930A41323E7D2AF0076D8D9 /* Support */,
				8930A41223E7D1EF0076D8D9 /* Views */,
				8930A41123E7D1BE0076D8D9 /* Controllers */,
				8930A41023E7CF9F0076D8D9 /* Models */,
				8930A40823E7C2DC0076D8D9 /* Info.plist */,
			);
			path = RSS;
			sourceTree = "<group>";
		};
		8930A41023E7CF9F0076D8D9 /* Models */ = {
			isa = PBXGroup;
			children = (
				8930A41F23E8FB460076D8D9 /* Album.swift */,
				89D0FD7423EA762300C27ADA /* Genre.swift */,
				89D0FD7623EA769A00C27ADA /* Feed.swift */,
				89D0FD7823EA76F300C27ADA /* DataRoot.swift */,
			);
			path = Models;
			sourceTree = "<group>";
		};
		8930A41123E7D1BE0076D8D9 /* Controllers */ = {
			isa = PBXGroup;
			children = (
				8930A40E23E7CC4E0076D8D9 /* AlbumsListVC.swift */,
			);
			path = Controllers;
			sourceTree = "<group>";
		};
		8930A41223E7D1EF0076D8D9 /* Views */ = {
			isa = PBXGroup;
			children = (
				8930A41423E7D3EE0076D8D9 /* RSSButton.swift */,
				8930A41623E7DED50076D8D9 /* RSSTitleLabel.swift */,
				8930A41823E7E0330076D8D9 /* RSSBodyLabel.swift */,
				8930A41A23E7E1970076D8D9 /* RSSAlertVC.swift */,
			);
			path = Views;
			sourceTree = "<group>";
		};
		8930A41323E7D2AF0076D8D9 /* Support */ = {
			isa = PBXGroup;
			children = (
				8930A3FA23E7C2DA0076D8D9 /* AppDelegate.swift */,
				8930A3FC23E7C2DA0076D8D9 /* SceneDelegate.swift */,
				8930A40323E7C2DC0076D8D9 /* Assets.xcassets */,
				8930A40523E7C2DC0076D8D9 /* LaunchScreen.storyboard */,
			);
			path = Support;
			sourceTree = "<group>";
		};
		8930A41C23E7E9C70076D8D9 /* Extensions */ = {
			isa = PBXGroup;
			children = (
				8930A41D23E7E9FD0076D8D9 /* UIViewController+Extension.swift */,
			);
			path = Extensions;
			sourceTree = "<group>";
		};
		8930A42323E901780076D8D9 /* Managers */ = {
			isa = PBXGroup;
			children = (
				8930A42423E901930076D8D9 /* NetworkManager.swift */,
			);
			path = Managers;
			sourceTree = "<group>";
		};
/* End PBXGroup section */

/* Begin PBXNativeTarget section */
		8930A3F623E7C2DA0076D8D9 /* RSS */ = {
			isa = PBXNativeTarget;
			buildConfigurationList = 8930A40B23E7C2DC0076D8D9 /* Build configuration list for PBXNativeTarget "RSS" */;
			buildPhases = (
				8930A3F323E7C2DA0076D8D9 /* Sources */,
				8930A3F423E7C2DA0076D8D9 /* Frameworks */,
				8930A3F523E7C2DA0076D8D9 /* Resources */,
			);
			buildRules = (
			);
			dependencies = (
			);
			name = RSS;
			productName = RSS;
			productReference = 8930A3F723E7C2DA0076D8D9 /* RSS.app */;
			productType = "com.apple.product-type.application";
		};
/* End PBXNativeTarget section */

/* Begin PBXProject section */
		8930A3EF23E7C2DA0076D8D9 /* Project object */ = {
			isa = PBXProject;
			attributes = {
				LastSwiftUpdateCheck = 1130;
				LastUpgradeCheck = 1130;
				ORGANIZATIONNAME = "Joshu Sonawane";
				TargetAttributes = {
					8930A3F623E7C2DA0076D8D9 = {
						CreatedOnToolsVersion = 11.3.1;
					};
				};
			};
			buildConfigurationList = 8930A3F223E7C2DA0076D8D9 /* Build configuration list for PBXProject "RSS" */;
			compatibilityVersion = "Xcode 9.3";
			developmentRegion = en;
			hasScannedForEncodings = 0;
			knownRegions = (
				en,
				Base,
			);
			mainGroup = 8930A3EE23E7C2DA0076D8D9;
			productRefGroup = 8930A3F823E7C2DA0076D8D9 /* Products */;
			projectDirPath = "";
			projectRoot = "";
			targets = (
				8930A3F623E7C2DA0076D8D9 /* RSS */,
			);
		};
/* End PBXProject section */

/* Begin PBXResourcesBuildPhase section */
		8930A3F523E7C2DA0076D8D9 /* Resources */ = {
			isa = PBXResourcesBuildPhase;
			buildActionMask = 2147483647;
			files = (
				8930A40723E7C2DC0076D8D9 /* LaunchScreen.storyboard in Resources */,
				8930A40423E7C2DC0076D8D9 /* Assets.xcassets in Resources */,
			);
			runOnlyForDeploymentPostprocessing = 0;
		};
/* End PBXResourcesBuildPhase section */

/* Begin PBXSourcesBuildPhase section */
		8930A3F323E7C2DA0076D8D9 /* Sources */ = {
			isa = PBXSourcesBuildPhase;
			buildActionMask = 2147483647;
			files = (
				8930A41723E7DED50076D8D9 /* RSSTitleLabel.swift in Sources */,
				89D0FD7723EA769A00C27ADA /* Feed.swift in Sources */,
				8930A3FB23E7C2DA0076D8D9 /* AppDelegate.swift in Sources */,
				8930A42523E901930076D8D9 /* NetworkManager.swift in Sources */,
				89D0FD7523EA762300C27ADA /* Genre.swift in Sources */,
				8930A40F23E7CC4E0076D8D9 /* AlbumsListVC.swift in Sources */,
				8930A42023E8FB460076D8D9 /* Album.swift in Sources */,
				89D0FD7923EA76F300C27ADA /* DataRoot.swift in Sources */,
				8930A41923E7E0330076D8D9 /* RSSBodyLabel.swift in Sources */,
				8930A41E23E7E9FD0076D8D9 /* UIViewController+Extension.swift in Sources */,
				8930A41523E7D3EE0076D8D9 /* RSSButton.swift in Sources */,
				8930A41B23E7E1970076D8D9 /* RSSAlertVC.swift in Sources */,
				8930A3FD23E7C2DA0076D8D9 /* SceneDelegate.swift in Sources */,
			);
			runOnlyForDeploymentPostprocessing = 0;
		};
/* End PBXSourcesBuildPhase section */

/* Begin PBXVariantGroup section */
		8930A40523E7C2DC0076D8D9 /* LaunchScreen.storyboard */ = {
			isa = PBXVariantGroup;
			children = (
				8930A40623E7C2DC0076D8D9 /* Base */,
			);
			name = LaunchScreen.storyboard;
			sourceTree = "<group>";
		};
/* End PBXVariantGroup section */

/* Begin XCBuildConfiguration section */
		8930A40923E7C2DC0076D8D9 /* Debug */ = {
			isa = XCBuildConfiguration;
			buildSettings = {
				ALWAYS_SEARCH_USER_PATHS = NO;
				CLANG_ANALYZER_NONNULL = YES;
				CLANG_ANALYZER_NUMBER_OBJECT_CONVERSION = YES_AGGRESSIVE;
				CLANG_CXX_LANGUAGE_STANDARD = "gnu++14";
				CLANG_CXX_LIBRARY = "libc++";
				CLANG_ENABLE_MODULES = YES;
				CLANG_ENABLE_OBJC_ARC = YES;
				CLANG_ENABLE_OBJC_WEAK = YES;
				CLANG_WARN_BLOCK_CAPTURE_AUTORELEASING = YES;
				CLANG_WARN_BOOL_CONVERSION = YES;
				CLANG_WARN_COMMA = YES;
				CLANG_WARN_CONSTANT_CONVERSION = YES;
				CLANG_WARN_DEPRECATED_OBJC_IMPLEMENTATIONS = YES;
				CLANG_WARN_DIRECT_OBJC_ISA_USAGE = YES_ERROR;
				CLANG_WARN_DOCUMENTATION_COMMENTS = YES;
				CLANG_WARN_EMPTY_BODY = YES;
				CLANG_WARN_ENUM_CONVERSION = YES;
				CLANG_WARN_INFINITE_RECURSION = YES;
				CLANG_WARN_INT_CONVERSION = YES;
				CLANG_WARN_NON_LITERAL_NULL_CONVERSION = YES;
				CLANG_WARN_OBJC_IMPLICIT_RETAIN_SELF = YES;
				CLANG_WARN_OBJC_LITERAL_CONVERSION = YES;
				CLANG_WARN_OBJC_ROOT_CLASS = YES_ERROR;
				CLANG_WARN_RANGE_LOOP_ANALYSIS = YES;
				CLANG_WARN_STRICT_PROTOTYPES = YES;
				CLANG_WARN_SUSPICIOUS_MOVE = YES;
				CLANG_WARN_UNGUARDED_AVAILABILITY = YES_AGGRESSIVE;
				CLANG_WARN_UNREACHABLE_CODE = YES;
				CLANG_WARN__DUPLICATE_METHOD_MATCH = YES;
				COPY_PHASE_STRIP = NO;
				DEBUG_INFORMATION_FORMAT = dwarf;
				ENABLE_STRICT_OBJC_MSGSEND = YES;
				ENABLE_TESTABILITY = YES;
				GCC_C_LANGUAGE_STANDARD = gnu11;
				GCC_DYNAMIC_NO_PIC = NO;
				GCC_NO_COMMON_BLOCKS = YES;
				GCC_OPTIMIZATION_LEVEL = 0;
				GCC_PREPROCESSOR_DEFINITIONS = (
					"DEBUG=1",
					"$(inherited)",
				);
				GCC_WARN_64_TO_32_BIT_CONVERSION = YES;
				GCC_WARN_ABOUT_RETURN_TYPE = YES_ERROR;
				GCC_WARN_UNDECLARED_SELECTOR = YES;
				GCC_WARN_UNINITIALIZED_AUTOS = YES_AGGRESSIVE;
				GCC_WARN_UNUSED_FUNCTION = YES;
				GCC_WARN_UNUSED_VARIABLE = YES;
				IPHONEOS_DEPLOYMENT_TARGET = 13.2;
				MTL_ENABLE_DEBUG_INFO = INCLUDE_SOURCE;
				MTL_FAST_MATH = YES;
				ONLY_ACTIVE_ARCH = YES;
				SDKROOT = iphoneos;
				SWIFT_ACTIVE_COMPILATION_CONDITIONS = DEBUG;
				SWIFT_OPTIMIZATION_LEVEL = "-Onone";
			};
			name = Debug;
		};
		8930A40A23E7C2DC0076D8D9 /* Release */ = {
			isa = XCBuildConfiguration;
			buildSettings = {
				ALWAYS_SEARCH_USER_PATHS = NO;
				CLANG_ANALYZER_NONNULL = YES;
				CLANG_ANALYZER_NUMBER_OBJECT_CONVERSION = YES_AGGRESSIVE;
				CLANG_CXX_LANGUAGE_STANDARD = "gnu++14";
				CLANG_CXX_LIBRARY = "libc++";
				CLANG_ENABLE_MODULES = YES;
				CLANG_ENABLE_OBJC_ARC = YES;
				CLANG_ENABLE_OBJC_WEAK = YES;
				CLANG_WARN_BLOCK_CAPTURE_AUTORELEASING = YES;
				CLANG_WARN_BOOL_CONVERSION = YES;
				CLANG_WARN_COMMA = YES;
				CLANG_WARN_CONSTANT_CONVERSION = YES;
				CLANG_WARN_DEPRECATED_OBJC_IMPLEMENTATIONS = YES;
				CLANG_WARN_DIRECT_OBJC_ISA_USAGE = YES_ERROR;
				CLANG_WARN_DOCUMENTATION_COMMENTS = YES;
				CLANG_WARN_EMPTY_BODY = YES;
				CLANG_WARN_ENUM_CONVERSION = YES;
				CLANG_WARN_INFINITE_RECURSION = YES;
				CLANG_WARN_INT_CONVERSION = YES;
				CLANG_WARN_NON_LITERAL_NULL_CONVERSION = YES;
				CLANG_WARN_OBJC_IMPLICIT_RETAIN_SELF = YES;
				CLANG_WARN_OBJC_LITERAL_CONVERSION = YES;
				CLANG_WARN_OBJC_ROOT_CLASS = YES_ERROR;
				CLANG_WARN_RANGE_LOOP_ANALYSIS = YES;
				CLANG_WARN_STRICT_PROTOTYPES = YES;
				CLANG_WARN_SUSPICIOUS_MOVE = YES;
				CLANG_WARN_UNGUARDED_AVAILABILITY = YES_AGGRESSIVE;
				CLANG_WARN_UNREACHABLE_CODE = YES;
				CLANG_WARN__DUPLICATE_METHOD_MATCH = YES;
				COPY_PHASE_STRIP = NO;
				DEBUG_INFORMATION_FORMAT = "dwarf-with-dsym";
				ENABLE_NS_ASSERTIONS = NO;
				ENABLE_STRICT_OBJC_MSGSEND = YES;
				GCC_C_LANGUAGE_STANDARD = gnu11;
				GCC_NO_COMMON_BLOCKS = YES;
				GCC_WARN_64_TO_32_BIT_CONVERSION = YES;
				GCC_WARN_ABOUT_RETURN_TYPE = YES_ERROR;
				GCC_WARN_UNDECLARED_SELECTOR = YES;
				GCC_WARN_UNINITIALIZED_AUTOS = YES_AGGRESSIVE;
				GCC_WARN_UNUSED_FUNCTION = YES;
				GCC_WARN_UNUSED_VARIABLE = YES;
				IPHONEOS_DEPLOYMENT_TARGET = 13.2;
				MTL_ENABLE_DEBUG_INFO = NO;
				MTL_FAST_MATH = YES;
				SDKROOT = iphoneos;
				SWIFT_COMPILATION_MODE = wholemodule;
				SWIFT_OPTIMIZATION_LEVEL = "-O";
				VALIDATE_PRODUCT = YES;
			};
			name = Release;
		};
		8930A40C23E7C2DC0076D8D9 /* Debug */ = {
			isa = XCBuildConfiguration;
			buildSettings = {
				ASSETCATALOG_COMPILER_APPICON_NAME = AppIcon;
				CODE_SIGN_STYLE = Automatic;
				DEVELOPMENT_TEAM = CLL8DESWJE;
				INFOPLIST_FILE = RSS/Info.plist;
				LD_RUNPATH_SEARCH_PATHS = (
					"$(inherited)",
					"@executable_path/Frameworks",
				);
				PRODUCT_BUNDLE_IDENTIFIER = com.js.RSS;
				PRODUCT_NAME = "$(TARGET_NAME)";
				SWIFT_VERSION = 5.0;
				TARGETED_DEVICE_FAMILY = 1;
			};
			name = Debug;
		};
		8930A40D23E7C2DC0076D8D9 /* Release */ = {
			isa = XCBuildConfiguration;
			buildSettings = {
				ASSETCATALOG_COMPILER_APPICON_NAME = AppIcon;
				CODE_SIGN_STYLE = Automatic;
				DEVELOPMENT_TEAM = CLL8DESWJE;
				INFOPLIST_FILE = RSS/Info.plist;
				LD_RUNPATH_SEARCH_PATHS = (
					"$(inherited)",
					"@executable_path/Frameworks",
				);
				PRODUCT_BUNDLE_IDENTIFIER = com.js.RSS;
				PRODUCT_NAME = "$(TARGET_NAME)";
				SWIFT_VERSION = 5.0;
				TARGETED_DEVICE_FAMILY = 1;
			};
			name = Release;
		};
/* End XCBuildConfiguration section */

/* Begin XCConfigurationList section */
		8930A3F223E7C2DA0076D8D9 /* Build configuration list for PBXProject "RSS" */ = {
			isa = XCConfigurationList;
			buildConfigurations = (
				8930A40923E7C2DC0076D8D9 /* Debug */,
				8930A40A23E7C2DC0076D8D9 /* Release */,
			);
			defaultConfigurationIsVisible = 0;
			defaultConfigurationName = Release;
		};
		8930A40B23E7C2DC0076D8D9 /* Build configuration list for PBXNativeTarget "RSS" */ = {
			isa = XCConfigurationList;
			buildConfigurations = (
				8930A40C23E7C2DC0076D8D9 /* Debug */,
				8930A40D23E7C2DC0076D8D9 /* Release */,
			);
			defaultConfigurationIsVisible = 0;
			defaultConfigurationName = Release;
		};
/* End XCConfigurationList section */
	};
	rootObject = 8930A3EF23E7C2DA0076D8D9 /* Project object */;
}
